// !$*UTF8*$!
{
	archiveVersion = 1;
	classes = {
	};
	objectVersion = 55;
	objects = {

/* Begin PBXBuildFile section */
		59BD79A028A1D6B000294D8F /* AppDelegate.swift in Sources */ = {isa = PBXBuildFile; fileRef = 59BD799F28A1D6B000294D8F /* AppDelegate.swift */; };
		59BD79A228A1D6B000294D8F /* SceneDelegate.swift in Sources */ = {isa = PBXBuildFile; fileRef = 59BD79A128A1D6B000294D8F /* SceneDelegate.swift */; };
		59BD79A428A1D6B000294D8F /* ViewController.swift in Sources */ = {isa = PBXBuildFile; fileRef = 59BD79A328A1D6B000294D8F /* ViewController.swift */; };
		59BD79A728A1D6B000294D8F /* Main.storyboard in Resources */ = {isa = PBXBuildFile; fileRef = 59BD79A528A1D6B000294D8F /* Main.storyboard */; };
		59BD79A928A1D6B300294D8F /* Assets.xcassets in Resources */ = {isa = PBXBuildFile; fileRef = 59BD79A828A1D6B300294D8F /* Assets.xcassets */; };
		59BD79AC28A1D6B300294D8F /* LaunchScreen.storyboard in Resources */ = {isa = PBXBuildFile; fileRef = 59BD79AA28A1D6B300294D8F /* LaunchScreen.storyboard */; };
		59BD79B728A1D6B300294D8F /* Jaden_Dodoo_s_PreworkTests.swift in Sources */ = {isa = PBXBuildFile; fileRef = 59BD79B628A1D6B300294D8F /* Jaden_Dodoo_s_PreworkTests.swift */; };
		59BD79C128A1D6B300294D8F /* Jaden_Dodoo_s_PreworkUITests.swift in Sources */ = {isa = PBXBuildFile; fileRef = 59BD79C028A1D6B300294D8F /* Jaden_Dodoo_s_PreworkUITests.swift */; };
		59BD79C328A1D6B300294D8F /* Jaden_Dodoo_s_PreworkUITestsLaunchTests.swift in Sources */ = {isa = PBXBuildFile; fileRef = 59BD79C228A1D6B300294D8F /* Jaden_Dodoo_s_PreworkUITestsLaunchTests.swift */; };
/* End PBXBuildFile section */

/* Begin PBXContainerItemProxy section */
		59BD79B328A1D6B300294D8F /* PBXContainerItemProxy */ = {
			isa = PBXContainerItemProxy;
			containerPortal = 59BD799428A1D6B000294D8F /* Project object */;
			proxyType = 1;
			remoteGlobalIDString = 59BD799B28A1D6B000294D8F;
			remoteInfo = "Jaden Dodoo's Prework";
		};
		59BD79BD28A1D6B300294D8F /* PBXContainerItemProxy */ = {
			isa = PBXContainerItemProxy;
			containerPortal = 59BD799428A1D6B000294D8F /* Project object */;
			proxyType = 1;
			remoteGlobalIDString = 59BD799B28A1D6B000294D8F;
			remoteInfo = "Jaden Dodoo's Prework";
		};
/* End PBXContainerItemProxy section */

/* Begin PBXFileReference section */
		59BD799C28A1D6B000294D8F /* Jaden Dodoo's Prework.app */ = {isa = PBXFileReference; explicitFileType = wrapper.application; includeInIndex = 0; path = "Jaden Dodoo's Prework.app"; sourceTree = BUILT_PRODUCTS_DIR; };
		59BD799F28A1D6B000294D8F /* AppDelegate.swift */ = {isa = PBXFileReference; lastKnownFileType = sourcecode.swift; path = AppDelegate.swift; sourceTree = "<group>"; };
		59BD79A128A1D6B000294D8F /* SceneDelegate.swift */ = {isa = PBXFileReference; lastKnownFileType = sourcecode.swift; path = SceneDelegate.swift; sourceTree = "<group>"; };
		59BD79A328A1D6B000294D8F /* ViewController.swift */ = {isa = PBXFileReference; lastKnownFileType = sourcecode.swift; path = ViewController.swift; sourceTree = "<group>"; };
		59BD79A628A1D6B000294D8F /* Base */ = {isa = PBXFileReference; lastKnownFileType = file.storyboard; name = Base; path = Base.lproj/Main.storyboard; sourceTree = "<group>"; };
		59BD79A828A1D6B300294D8F /* Assets.xcassets */ = {isa = PBXFileReference; lastKnownFileType = folder.assetcatalog; path = Assets.xcassets; sourceTree = "<group>"; };
		59BD79AB28A1D6B300294D8F /* Base */ = {isa = PBXFileReference; lastKnownFileType = file.storyboard; name = Base; path = Base.lproj/LaunchScreen.storyboard; sourceTree = "<group>"; };
		59BD79AD28A1D6B300294D8F /* Info.plist */ = {isa = PBXFileReference; lastKnownFileType = text.plist.xml; path = Info.plist; sourceTree = "<group>"; };
		59BD79B228A1D6B300294D8F /* Jaden Dodoo's PreworkTests.xctest */ = {isa = PBXFileReference; explicitFileType = wrapper.cfbundle; includeInIndex = 0; path = "Jaden Dodoo's PreworkTests.xctest"; sourceTree = BUILT_PRODUCTS_DIR; };
		59BD79B628A1D6B300294D8F /* Jaden_Dodoo_s_PreworkTests.swift */ = {isa = PBXFileReference; lastKnownFileType = sourcecode.swift; path = Jaden_Dodoo_s_PreworkTests.swift; sourceTree = "<group>"; };
		59BD79BC28A1D6B300294D8F /* Jaden Dodoo's PreworkUITests.xctest */ = {isa = PBXFileReference; explicitFileType = wrapper.cfbundle; includeInIndex = 0; path = "Jaden Dodoo's PreworkUITests.xctest"; sourceTree = BUILT_PRODUCTS_DIR; };
		59BD79C028A1D6B300294D8F /* Jaden_Dodoo_s_PreworkUITests.swift */ = {isa = PBXFileReference; lastKnownFileType = sourcecode.swift; path = Jaden_Dodoo_s_PreworkUITests.swift; sourceTree = "<group>"; };
		59BD79C228A1D6B300294D8F /* Jaden_Dodoo_s_PreworkUITestsLaunchTests.swift */ = {isa = PBXFileReference; lastKnownFileType = sourcecode.swift; path = Jaden_Dodoo_s_PreworkUITestsLaunchTests.swift; sourceTree = "<group>"; };
/* End PBXFileReference section */

/* Begin PBXFrameworksBuildPhase section */
		59BD799928A1D6B000294D8F /* Frameworks */ = {
			isa = PBXFrameworksBuildPhase;
			buildActionMask = 2147483647;
			files = (
			);
			runOnlyForDeploymentPostprocessing = 0;
		};
		59BD79AF28A1D6B300294D8F /* Frameworks */ = {
			isa = PBXFrameworksBuildPhase;
			buildActionMask = 2147483647;
			files = (
			);
			runOnlyForDeploymentPostprocessing = 0;
		};
		59BD79B928A1D6B300294D8F /* Frameworks */ = {
			isa = PBXFrameworksBuildPhase;
			buildActionMask = 2147483647;
			files = (
			);
			runOnlyForDeploymentPostprocessing = 0;
		};
/* End PBXFrameworksBuildPhase section */

/* Begin PBXGroup section */
		59BD799328A1D6B000294D8F = {
			isa = PBXGroup;
			children = (
				59BD799E28A1D6B000294D8F /* Jaden Dodoo's Prework */,
				59BD79B528A1D6B300294D8F /* Jaden Dodoo's PreworkTests */,
				59BD79BF28A1D6B300294D8F /* Jaden Dodoo's PreworkUITests */,
				59BD799D28A1D6B000294D8F /* Products */,
			);
			sourceTree = "<group>";
		};
		59BD799D28A1D6B000294D8F /* Products */ = {
			isa = PBXGroup;
			children = (
				59BD799C28A1D6B000294D8F /* Jaden Dodoo's Prework.app */,
				59BD79B228A1D6B300294D8F /* Jaden Dodoo's PreworkTests.xctest */,
				59BD79BC28A1D6B300294D8F /* Jaden Dodoo's PreworkUITests.xctest */,
			);
			name = Products;
			sourceTree = "<group>";
		};
		59BD799E28A1D6B000294D8F /* Jaden Dodoo's Prework */ = {
			isa = PBXGroup;
			children = (
				59BD799F28A1D6B000294D8F /* AppDelegate.swift */,
				59BD79A128A1D6B000294D8F /* SceneDelegate.swift */,
				59BD79A328A1D6B000294D8F /* ViewController.swift */,
				59BD79A528A1D6B000294D8F /* Main.storyboard */,
				59BD79A828A1D6B300294D8F /* Assets.xcassets */,
				59BD79AA28A1D6B300294D8F /* LaunchScreen.storyboard */,
				59BD79AD28A1D6B300294D8F /* Info.plist */,
			);
			path = "Jaden Dodoo's Prework";
			sourceTree = "<group>";
		};
		59BD79B528A1D6B300294D8F /* Jaden Dodoo's PreworkTests */ = {
			isa = PBXGroup;
			children = (
				59BD79B628A1D6B300294D8F /* Jaden_Dodoo_s_PreworkTests.swift */,
			);
			path = "Jaden Dodoo's PreworkTests";
			sourceTree = "<group>";
		};
		59BD79BF28A1D6B300294D8F /* Jaden Dodoo's PreworkUITests */ = {
			isa = PBXGroup;
			children = (
				59BD79C028A1D6B300294D8F /* Jaden_Dodoo_s_PreworkUITests.swift */,
				59BD79C228A1D6B300294D8F /* Jaden_Dodoo_s_PreworkUITestsLaunchTests.swift */,
			);
			path = "Jaden Dodoo's PreworkUITests";
			sourceTree = "<group>";
		};
/* End PBXGroup section */

/* Begin PBXNativeTarget section */
		59BD799B28A1D6B000294D8F /* Jaden Dodoo's Prework */ = {
			isa = PBXNativeTarget;
			buildConfigurationList = 59BD79C628A1D6B300294D8F /* Build configuration list for PBXNativeTarget "Jaden Dodoo's Prework" */;
			buildPhases = (
				59BD799828A1D6B000294D8F /* Sources */,
				59BD799928A1D6B000294D8F /* Frameworks */,
				59BD799A28A1D6B000294D8F /* Resources */,
			);
			buildRules = (
			);
			dependencies = (
			);
			name = "Jaden Dodoo's Prework";
			productName = "Jaden Dodoo's Prework";
			productReference = 59BD799C28A1D6B000294D8F /* Jaden Dodoo's Prework.app */;
			productType = "com.apple.product-type.application";
		};
		59BD79B128A1D6B300294D8F /* Jaden Dodoo's PreworkTests */ = {
			isa = PBXNativeTarget;
			buildConfigurationList = 59BD79C928A1D6B300294D8F /* Build configuration list for PBXNativeTarget "Jaden Dodoo's PreworkTests" */;
			buildPhases = (
				59BD79AE28A1D6B300294D8F /* Sources */,
				59BD79AF28A1D6B300294D8F /* Frameworks */,
				59BD79B028A1D6B300294D8F /* Resources */,
			);
			buildRules = (
			);
			dependencies = (
				59BD79B428A1D6B300294D8F /* PBXTargetDependency */,
			);
			name = "Jaden Dodoo's PreworkTests";
			productName = "Jaden Dodoo's PreworkTests";
			productReference = 59BD79B228A1D6B300294D8F /* Jaden Dodoo's PreworkTests.xctest */;
			productType = "com.apple.product-type.bundle.unit-test";
		};
		59BD79BB28A1D6B300294D8F /* Jaden Dodoo's PreworkUITests */ = {
			isa = PBXNativeTarget;
			buildConfigurationList = 59BD79CC28A1D6B300294D8F /* Build configuration list for PBXNativeTarget "Jaden Dodoo's PreworkUITests" */;
			buildPhases = (
				59BD79B828A1D6B300294D8F /* Sources */,
				59BD79B928A1D6B300294D8F /* Frameworks */,
				59BD79BA28A1D6B300294D8F /* Resources */,
			);
			buildRules = (
			);
			dependencies = (
				59BD79BE28A1D6B300294D8F /* PBXTargetDependency */,
			);
			name = "Jaden Dodoo's PreworkUITests";
			productName = "Jaden Dodoo's PreworkUITests";
			productReference = 59BD79BC28A1D6B300294D8F /* Jaden Dodoo's PreworkUITests.xctest */;
			productType = "com.apple.product-type.bundle.ui-testing";
		};
/* End PBXNativeTarget section */

/* Begin PBXProject section */
		59BD799428A1D6B000294D8F /* Project object */ = {
			isa = PBXProject;
			attributes = {
				BuildIndependentTargetsInParallel = 1;
				LastSwiftUpdateCheck = 1340;
				LastUpgradeCheck = 1340;
				TargetAttributes = {
					59BD799B28A1D6B000294D8F = {
						CreatedOnToolsVersion = 13.4.1;
					};
					59BD79B128A1D6B300294D8F = {
						CreatedOnToolsVersion = 13.4.1;
						TestTargetID = 59BD799B28A1D6B000294D8F;
					};
					59BD79BB28A1D6B300294D8F = {
						CreatedOnToolsVersion = 13.4.1;
						TestTargetID = 59BD799B28A1D6B000294D8F;
					};
				};
			};
			buildConfigurationList = 59BD799728A1D6B000294D8F /* Build configuration list for PBXProject "Jaden Dodoo's Prework" */;
			compatibilityVersion = "Xcode 13.0";
			developmentRegion = en;
			hasScannedForEncodings = 0;
			knownRegions = (
				en,
				Base,
			);
			mainGroup = 59BD799328A1D6B000294D8F;
			productRefGroup = 59BD799D28A1D6B000294D8F /* Products */;
			projectDirPath = "";
			projectRoot = "";
			targets = (
				59BD799B28A1D6B000294D8F /* Jaden Dodoo's Prework */,
				59BD79B128A1D6B300294D8F /* Jaden Dodoo's PreworkTests */,
				59BD79BB28A1D6B300294D8F /* Jaden Dodoo's PreworkUITests */,
			);
		};
/* End PBXProject section */

/* Begin PBXResourcesBuildPhase section */
		59BD799A28A1D6B000294D8F /* Resources */ = {
			isa = PBXResourcesBuildPhase;
			buildActionMask = 2147483647;
			files = (
				59BD79AC28A1D6B300294D8F /* LaunchScreen.storyboard in Resources */,
				59BD79A928A1D6B300294D8F /* Assets.xcassets in Resources */,
				59BD79A728A1D6B000294D8F /* Main.storyboard in Resources */,
			);
			runOnlyForDeploymentPostprocessing = 0;
		};
		59BD79B028A1D6B300294D8F /* Resources */ = {
			isa = PBXResourcesBuildPhase;
			buildActionMask = 2147483647;
			files = (
			);
			runOnlyForDeploymentPostprocessing = 0;
		};
		59BD79BA28A1D6B300294D8F /* Resources */ = {
			isa = PBXResourcesBuildPhase;
			buildActionMask = 2147483647;
			files = (
			);
			runOnlyForDeploymentPostprocessing = 0;
		};
/* End PBXResourcesBuildPhase section */

/* Begin PBXSourcesBuildPhase section */
		59BD799828A1D6B000294D8F /* Sources */ = {
			isa = PBXSourcesBuildPhase;
			buildActionMask = 2147483647;
			files = (
				59BD79A428A1D6B000294D8F /* ViewController.swift in Sources */,
				59BD79A028A1D6B000294D8F /* AppDelegate.swift in Sources */,
				59BD79A228A1D6B000294D8F /* SceneDelegate.swift in Sources */,
			);
			runOnlyForDeploymentPostprocessing = 0;
		};
		59BD79AE28A1D6B300294D8F /* Sources */ = {
			isa = PBXSourcesBuildPhase;
			buildActionMask = 2147483647;
			files = (
				59BD79B728A1D6B300294D8F /* Jaden_Dodoo_s_PreworkTests.swift in Sources */,
			);
			runOnlyForDeploymentPostprocessing = 0;
		};
		59BD79B828A1D6B300294D8F /* Sources */ = {
			isa = PBXSourcesBuildPhase;
			buildActionMask = 2147483647;
			files = (
				59BD79C328A1D6B300294D8F /* Jaden_Dodoo_s_PreworkUITestsLaunchTests.swift in Sources */,
				59BD79C128A1D6B300294D8F /* Jaden_Dodoo_s_PreworkUITests.swift in Sources */,
			);
			runOnlyForDeploymentPostprocessing = 0;
		};
/* End PBXSourcesBuildPhase section */

/* Begin PBXTargetDependency section */
		59BD79B428A1D6B300294D8F /* PBXTargetDependency */ = {
			isa = PBXTargetDependency;
			target = 59BD799B28A1D6B000294D8F /* Jaden Dodoo's Prework */;
			targetProxy = 59BD79B328A1D6B300294D8F /* PBXContainerItemProxy */;
		};
		59BD79BE28A1D6B300294D8F /* PBXTargetDependency */ = {
			isa = PBXTargetDependency;
			target = 59BD799B28A1D6B000294D8F /* Jaden Dodoo's Prework */;
			targetProxy = 59BD79BD28A1D6B300294D8F /* PBXContainerItemProxy */;
		};
/* End PBXTargetDependency section */

/* Begin PBXVariantGroup section */
		59BD79A528A1D6B000294D8F /* Main.storyboard */ = {
			isa = PBXVariantGroup;
			children = (
				59BD79A628A1D6B000294D8F /* Base */,
			);
			name = Main.storyboard;
			sourceTree = "<group>";
		};
		59BD79AA28A1D6B300294D8F /* LaunchScreen.storyboard */ = {
			isa = PBXVariantGroup;
			children = (
				59BD79AB28A1D6B300294D8F /* Base */,
			);
			name = LaunchScreen.storyboard;
			sourceTree = "<group>";
		};
/* End PBXVariantGroup section */

/* Begin XCBuildConfiguration section */
		59BD79C428A1D6B300294D8F /* Debug */ = {
			isa = XCBuildConfiguration;
			buildSettings = {
				ALWAYS_SEARCH_USER_PATHS = NO;
				CLANG_ANALYZER_NONNULL = YES;
				CLANG_ANALYZER_NUMBER_OBJECT_CONVERSION = YES_AGGRESSIVE;
				CLANG_CXX_LANGUAGE_STANDARD = "gnu++17";
				CLANG_ENABLE_MODULES = YES;
				CLANG_ENABLE_OBJC_ARC = YES;
				CLANG_ENABLE_OBJC_WEAK = YES;
				CLANG_WARN_BLOCK_CAPTURE_AUTORELEASING = YES;
				CLANG_WARN_BOOL_CONVERSION = YES;
				CLANG_WARN_COMMA = YES;
				CLANG_WARN_CONSTANT_CONVERSION = YES;
				CLANG_WARN_DEPRECATED_OBJC_IMPLEMENTATIONS = YES;
				CLANG_WARN_DIRECT_OBJC_ISA_USAGE = YES_ERROR;
				CLANG_WARN_DOCUMENTATION_COMMENTS = YES;
				CLANG_WARN_EMPTY_BODY = YES;
				CLANG_WARN_ENUM_CONVERSION = YES;
				CLANG_WARN_INFINITE_RECURSION = YES;
				CLANG_WARN_INT_CONVERSION = YES;
				CLANG_WARN_NON_LITERAL_NULL_CONVERSION = YES;
				CLANG_WARN_OBJC_IMPLICIT_RETAIN_SELF = YES;
				CLANG_WARN_OBJC_LITERAL_CONVERSION = YES;
				CLANG_WARN_OBJC_ROOT_CLASS = YES_ERROR;
				CLANG_WARN_QUOTED_INCLUDE_IN_FRAMEWORK_HEADER = YES;
				CLANG_WARN_RANGE_LOOP_ANALYSIS = YES;
				CLANG_WARN_STRICT_PROTOTYPES = YES;
				CLANG_WARN_SUSPICIOUS_MOVE = YES;
				CLANG_WARN_UNGUARDED_AVAILABILITY = YES_AGGRESSIVE;
				CLANG_WARN_UNREACHABLE_CODE = YES;
				CLANG_WARN__DUPLICATE_METHOD_MATCH = YES;
				COPY_PHASE_STRIP = NO;
				DEBUG_INFORMATION_FORMAT = dwarf;
				ENABLE_STRICT_OBJC_MSGSEND = YES;
				ENABLE_TESTABILITY = YES;
				GCC_C_LANGUAGE_STANDARD = gnu11;
				GCC_DYNAMIC_NO_PIC = NO;
				GCC_NO_COMMON_BLOCKS = YES;
				GCC_OPTIMIZATION_LEVEL = 0;
				GCC_PREPROCESSOR_DEFINITIONS = (
					"DEBUG=1",
					"$(inherited)",
				);
				GCC_WARN_64_TO_32_BIT_CONVERSION = YES;
				GCC_WARN_ABOUT_RETURN_TYPE = YES_ERROR;
				GCC_WARN_UNDECLARED_SELECTOR = YES;
				GCC_WARN_UNINITIALIZED_AUTOS = YES_AGGRESSIVE;
				GCC_WARN_UNUSED_FUNCTION = YES;
				GCC_WARN_UNUSED_VARIABLE = YES;
				IPHONEOS_DEPLOYMENT_TARGET = 15.5;
				MTL_ENABLE_DEBUG_INFO = INCLUDE_SOURCE;
				MTL_FAST_MATH = YES;
				ONLY_ACTIVE_ARCH = YES;
				SDKROOT = iphoneos;
				SWIFT_ACTIVE_COMPILATION_CONDITIONS = DEBUG;
				SWIFT_OPTIMIZATION_LEVEL = "-Onone";
			};
			name = Debug;
		};
		59BD79C528A1D6B300294D8F /* Release */ = {
			isa = XCBuildConfiguration;
			buildSettings = {
				ALWAYS_SEARCH_USER_PATHS = NO;
				CLANG_ANALYZER_NONNULL = YES;
				CLANG_ANALYZER_NUMBER_OBJECT_CONVERSION = YES_AGGRESSIVE;
				CLANG_CXX_LANGUAGE_STANDARD = "gnu++17";
				CLANG_ENABLE_MODULES = YES;
				CLANG_ENABLE_OBJC_ARC = YES;
				CLANG_ENABLE_OBJC_WEAK = YES;
				CLANG_WARN_BLOCK_CAPTURE_AUTORELEASING = YES;
				CLANG_WARN_BOOL_CONVERSION = YES;
				CLANG_WARN_COMMA = YES;
				CLANG_WARN_CONSTANT_CONVERSION = YES;
				CLANG_WARN_DEPRECATED_OBJC_IMPLEMENTATIONS = YES;
				CLANG_WARN_DIRECT_OBJC_ISA_USAGE = YES_ERROR;
				CLANG_WARN_DOCUMENTATION_COMMENTS = YES;
				CLANG_WARN_EMPTY_BODY = YES;
				CLANG_WARN_ENUM_CONVERSION = YES;
				CLANG_WARN_INFINITE_RECURSION = YES;
				CLANG_WARN_INT_CONVERSION = YES;
				CLANG_WARN_NON_LITERAL_NULL_CONVERSION = YES;
				CLANG_WARN_OBJC_IMPLICIT_RETAIN_SELF = YES;
				CLANG_WARN_OBJC_LITERAL_CONVERSION = YES;
				CLANG_WARN_OBJC_ROOT_CLASS = YES_ERROR;
				CLANG_WARN_QUOTED_INCLUDE_IN_FRAMEWORK_HEADER = YES;
				CLANG_WARN_RANGE_LOOP_ANALYSIS = YES;
				CLANG_WARN_STRICT_PROTOTYPES = YES;
				CLANG_WARN_SUSPICIOUS_MOVE = YES;
				CLANG_WARN_UNGUARDED_AVAILABILITY = YES_AGGRESSIVE;
				CLANG_WARN_UNREACHABLE_CODE = YES;
				CLANG_WARN__DUPLICATE_METHOD_MATCH = YES;
				COPY_PHASE_STRIP = NO;
				DEBUG_INFORMATION_FORMAT = "dwarf-with-dsym";
				ENABLE_NS_ASSERTIONS = NO;
				ENABLE_STRICT_OBJC_MSGSEND = YES;
				GCC_C_LANGUAGE_STANDARD = gnu11;
				GCC_NO_COMMON_BLOCKS = YES;
				GCC_WARN_64_TO_32_BIT_CONVERSION = YES;
				GCC_WARN_ABOUT_RETURN_TYPE = YES_ERROR;
				GCC_WARN_UNDECLARED_SELECTOR = YES;
				GCC_WARN_UNINITIALIZED_AUTOS = YES_AGGRESSIVE;
				GCC_WARN_UNUSED_FUNCTION = YES;
				GCC_WARN_UNUSED_VARIABLE = YES;
				IPHONEOS_DEPLOYMENT_TARGET = 15.5;
				MTL_ENABLE_DEBUG_INFO = NO;
				MTL_FAST_MATH = YES;
				SDKROOT = iphoneos;
				SWIFT_COMPILATION_MODE = wholemodule;
				SWIFT_OPTIMIZATION_LEVEL = "-O";
				VALIDATE_PRODUCT = YES;
			};
			name = Release;
		};
		59BD79C728A1D6B300294D8F /* Debug */ = {
			isa = XCBuildConfiguration;
			buildSettings = {
				ASSETCATALOG_COMPILER_APPICON_NAME = AppIcon;
				ASSETCATALOG_COMPILER_GLOBAL_ACCENT_COLOR_NAME = AccentColor;
				CODE_SIGN_STYLE = Automatic;
				CURRENT_PROJECT_VERSION = 1;
				DEVELOPMENT_TEAM = 4C6CCS4VY4;
				GENERATE_INFOPLIST_FILE = YES;
				INFOPLIST_FILE = "Jaden Dodoo's Prework/Info.plist";
				INFOPLIST_KEY_UIApplicationSupportsIndirectInputEvents = YES;
				INFOPLIST_KEY_UILaunchStoryboardName = LaunchScreen;
				INFOPLIST_KEY_UIMainStoryboardFile = Main;
				INFOPLIST_KEY_UISupportedInterfaceOrientations_iPad = "UIInterfaceOrientationPortrait UIInterfaceOrientationPortraitUpsideDown UIInterfaceOrientationLandscapeLeft UIInterfaceOrientationLandscapeRight";
				INFOPLIST_KEY_UISupportedInterfaceOrientations_iPhone = "UIInterfaceOrientationPortrait UIInterfaceOrientationLandscapeLeft UIInterfaceOrientationLandscapeRight";
				LD_RUNPATH_SEARCH_PATHS = (
					"$(inherited)",
					"@executable_path/Frameworks",
				);
				MARKETING_VERSION = 1.0;
				PRODUCT_BUNDLE_IDENTIFIER = "Desktop.Jaden-Dodoo-s-Prework";
				PRODUCT_NAME = "$(TARGET_NAME)";
				SWIFT_EMIT_LOC_STRINGS = YES;
				SWIFT_VERSION = 5.0;
				TARGETED_DEVICE_FAMILY = "1,2";
			};
			name = Debug;
		};
		59BD79C828A1D6B300294D8F /* Release */ = {
			isa = XCBuildConfiguration;
			buildSettings = {
				ASSETCATALOG_COMPILER_APPICON_NAME = AppIcon;
				ASSETCATALOG_COMPILER_GLOBAL_ACCENT_COLOR_NAME = AccentColor;
				CODE_SIGN_STYLE = Automatic;
				CURRENT_PROJECT_VERSION = 1;
				DEVELOPMENT_TEAM = 4C6CCS4VY4;
				GENERATE_INFOPLIST_FILE = YES;
				INFOPLIST_FILE = "Jaden Dodoo's Prework/Info.plist";
				INFOPLIST_KEY_UIApplicationSupportsIndirectInputEvents = YES;
				INFOPLIST_KEY_UILaunchStoryboardName = LaunchScreen;
				INFOPLIST_KEY_UIMainStoryboardFile = Main;
				INFOPLIST_KEY_UISupportedInterfaceOrientations_iPad = "UIInterfaceOrientationPortrait UIInterfaceOrientationPortraitUpsideDown UIInterfaceOrientationLandscapeLeft UIInterfaceOrientationLandscapeRight";
				INFOPLIST_KEY_UISupportedInterfaceOrientations_iPhone = "UIInterfaceOrientationPortrait UIInterfaceOrientationLandscapeLeft UIInterfaceOrientationLandscapeRight";
				LD_RUNPATH_SEARCH_PATHS = (
					"$(inherited)",
					"@executable_path/Frameworks",
				);
				MARKETING_VERSION = 1.0;
				PRODUCT_BUNDLE_IDENTIFIER = "Desktop.Jaden-Dodoo-s-Prework";
				PRODUCT_NAME = "$(TARGET_NAME)";
				SWIFT_EMIT_LOC_STRINGS = YES;
				SWIFT_VERSION = 5.0;
				TARGETED_DEVICE_FAMILY = "1,2";
			};
			name = Release;
		};
		59BD79CA28A1D6B300294D8F /* Debug */ = {
			isa = XCBuildConfiguration;
			buildSettings = {
				ALWAYS_EMBED_SWIFT_STANDARD_LIBRARIES = YES;
				BUNDLE_LOADER = "$(TEST_HOST)";
				CODE_SIGN_STYLE = Automatic;
				CURRENT_PROJECT_VERSION = 1;
				DEVELOPMENT_TEAM = 4C6CCS4VY4;
				GENERATE_INFOPLIST_FILE = YES;
				IPHONEOS_DEPLOYMENT_TARGET = 15.5;
				MARKETING_VERSION = 1.0;
				PRODUCT_BUNDLE_IDENTIFIER = "Desktop.Jaden-Dodoo-s-PreworkTests";
				PRODUCT_NAME = "$(TARGET_NAME)";
				SWIFT_EMIT_LOC_STRINGS = NO;
				SWIFT_VERSION = 5.0;
				TARGETED_DEVICE_FAMILY = "1,2";
				TEST_HOST = "$(BUILT_PRODUCTS_DIR)/Jaden Dodoo's Prework.app/Jaden Dodoo's Prework";
			};
			name = Debug;
		};
		59BD79CB28A1D6B300294D8F /* Release */ = {
			isa = XCBuildConfiguration;
			buildSettings = {
				ALWAYS_EMBED_SWIFT_STANDARD_LIBRARIES = YES;
				BUNDLE_LOADER = "$(TEST_HOST)";
				CODE_SIGN_STYLE = Automatic;
				CURRENT_PROJECT_VERSION = 1;
				DEVELOPMENT_TEAM = 4C6CCS4VY4;
				GENERATE_INFOPLIST_FILE = YES;
				IPHONEOS_DEPLOYMENT_TARGET = 15.5;
				MARKETING_VERSION = 1.0;
				PRODUCT_BUNDLE_IDENTIFIER = "Desktop.Jaden-Dodoo-s-PreworkTests";
				PRODUCT_NAME = "$(TARGET_NAME)";
				SWIFT_EMIT_LOC_STRINGS = NO;
				SWIFT_VERSION = 5.0;
				TARGETED_DEVICE_FAMILY = "1,2";
				TEST_HOST = "$(BUILT_PRODUCTS_DIR)/Jaden Dodoo's Prework.app/Jaden Dodoo's Prework";
			};
			name = Release;
		};
		59BD79CD28A1D6B300294D8F /* Debug */ = {
			isa = XCBuildConfiguration;
			buildSettings = {
				ALWAYS_EMBED_SWIFT_STANDARD_LIBRARIES = YES;
				CODE_SIGN_STYLE = Automatic;
				CURRENT_PROJECT_VERSION = 1;
				DEVELOPMENT_TEAM = 4C6CCS4VY4;
				GENERATE_INFOPLIST_FILE = YES;
				MARKETING_VERSION = 1.0;
				PRODUCT_BUNDLE_IDENTIFIER = "Desktop.Jaden-Dodoo-s-PreworkUITests";
				PRODUCT_NAME = "$(TARGET_NAME)";
				SWIFT_EMIT_LOC_STRINGS = NO;
				SWIFT_VERSION = 5.0;
				TARGETED_DEVICE_FAMILY = "1,2";
				TEST_TARGET_NAME = "Jaden Dodoo's Prework";
			};
			name = Debug;
		};
		59BD79CE28A1D6B300294D8F /* Release */ = {
			isa = XCBuildConfiguration;
			buildSettings = {
				ALWAYS_EMBED_SWIFT_STANDARD_LIBRARIES = YES;
				CODE_SIGN_STYLE = Automatic;
				CURRENT_PROJECT_VERSION = 1;
				DEVELOPMENT_TEAM = 4C6CCS4VY4;
				GENERATE_INFOPLIST_FILE = YES;
				MARKETING_VERSION = 1.0;
				PRODUCT_BUNDLE_IDENTIFIER = "Desktop.Jaden-Dodoo-s-PreworkUITests";
				PRODUCT_NAME = "$(TARGET_NAME)";
				SWIFT_EMIT_LOC_STRINGS = NO;
				SWIFT_VERSION = 5.0;
				TARGETED_DEVICE_FAMILY = "1,2";
				TEST_TARGET_NAME = "Jaden Dodoo's Prework";
			};
			name = Release;
		};
/* End XCBuildConfiguration section */

/* Begin XCConfigurationList section */
		59BD799728A1D6B000294D8F /* Build configuration list for PBXProject "Jaden Dodoo's Prework" */ = {
			isa = XCConfigurationList;
			buildConfigurations = (
				59BD79C428A1D6B300294D8F /* Debug */,
				59BD79C528A1D6B300294D8F /* Release */,
			);
			defaultConfigurationIsVisible = 0;
			defaultConfigurationName = Release;
		};
		59BD79C628A1D6B300294D8F /* Build configuration list for PBXNativeTarget "Jaden Dodoo's Prework" */ = {
			isa = XCConfigurationList;
			buildConfigurations = (
				59BD79C728A1D6B300294D8F /* Debug */,
				59BD79C828A1D6B300294D8F /* Release */,
			);
			defaultConfigurationIsVisible = 0;
			defaultConfigurationName = Release;
		};
		59BD79C928A1D6B300294D8F /* Build configuration list for PBXNativeTarget "Jaden Dodoo's PreworkTests" */ = {
			isa = XCConfigurationList;
			buildConfigurations = (
				59BD79CA28A1D6B300294D8F /* Debug */,
				59BD79CB28A1D6B300294D8F /* Release */,
			);
			defaultConfigurationIsVisible = 0;
			defaultConfigurationName = Release;
		};
		59BD79CC28A1D6B300294D8F /* Build configuration list for PBXNativeTarget "Jaden Dodoo's PreworkUITests" */ = {
			isa = XCConfigurationList;
			buildConfigurations = (
				59BD79CD28A1D6B300294D8F /* Debug */,
				59BD79CE28A1D6B300294D8F /* Release */,
			);
			defaultConfigurationIsVisible = 0;
			defaultConfigurationName = Release;
		};
/* End XCConfigurationList section */
	};
	rootObject = 59BD799428A1D6B000294D8F /* Project object */;
}
